{
  "name": "loggingserver",
  "version": "1.0.0",
  "lockfileVersion": 2,
  "requires": true,
  "packages": {
    "": {
      "name": "loggingserver",
      "version": "1.0.0",
      "dependencies": {
        "@prisma/client": "^3.5.0",
        "react-google-charts": "^3.0.15",
        "uuid": "^8.3.2"
      },
      "devDependencies": {
        "@types/uuid": "^8.3.3",
        "prisma": "^3.5.0"
      }
    },
    "node_modules/@prisma/client": {
      "version": "3.5.0",
      "resolved": "https://registry.npmjs.org/@prisma/client/-/client-3.5.0.tgz",
      "integrity": "sha512-LuaaisknLe9CCfJ1Rtqe9b9knvPgEEcC77OMmWdo3fSanxl5oTDxcH3IIhpULQQlJfZvDcaEXuXNU4dsNF+q1w==",
      "hasInstallScript": true,
      "dependencies": {
        "@prisma/engines-version": "3.5.0-38.78a5df6def6943431f4c022e1428dbc3e833cf8e"
      },
      "engines": {
        "node": ">=12.6"
      },
      "peerDependencies": {
        "prisma": "*"
      },
      "peerDependenciesMeta": {
        "prisma": {
          "optional": true
        }
      }
    },
    "node_modules/@prisma/engines": {
      "version": "3.5.0-38.78a5df6def6943431f4c022e1428dbc3e833cf8e",
      "resolved": "https://registry.npmjs.org/@prisma/engines/-/engines-3.5.0-38.78a5df6def6943431f4c022e1428dbc3e833cf8e.tgz",
      "integrity": "sha512-MqZUrxuLlIbjB3wu8LrRJOKcvR4k3dunKoI4Q2bPfAwLQY0XlpsLZ3TRVW1c32ooVk939p6iGNkaCUo63Et36g==",
      "devOptional": true,
      "hasInstallScript": true
    },
    "node_modules/@prisma/engines-version": {
      "version": "3.5.0-38.78a5df6def6943431f4c022e1428dbc3e833cf8e",
      "resolved": "https://registry.npmjs.org/@prisma/engines-version/-/engines-version-3.5.0-38.78a5df6def6943431f4c022e1428dbc3e833cf8e.tgz",
      "integrity": "sha512-X16YmBmj7Omso4ZbkNBe6gPYlNcnwZMUPtXsguCkn+KoMqm3DJD9M4X31gx0Gf13Q44dY3SKPJZUk44/XUj/WA=="
    },
    "node_modules/@types/uuid": {
      "version": "8.3.3",
      "resolved": "https://registry.npmjs.org/@types/uuid/-/uuid-8.3.3.tgz",
      "integrity": "sha512-0LbEEx1zxrYB3pgpd1M5lEhLcXjKJnYghvhTRgaBeUivLHMDM1TzF3IJ6hXU2+8uA4Xz+5BA63mtZo5DjVT8iA==",
      "dev": true
    },
    "node_modules/js-tokens": {
      "version": "4.0.0",
      "resolved": "https://registry.npmjs.org/js-tokens/-/js-tokens-4.0.0.tgz",
      "integrity": "sha512-RdJUflcE3cUzKiMqQgsCu06FPu9UdIJO0beYbPhHN4k6apgJtifcoCtT9bcxOpYBtpD2kCM6Sbzg4CausW/PKQ==",
      "peer": true
    },
    "node_modules/loose-envify": {
      "version": "1.4.0",
      "resolved": "https://registry.npmjs.org/loose-envify/-/loose-envify-1.4.0.tgz",
      "integrity": "sha512-lyuxPGr/Wfhrlem2CL/UcnUc1zcqKAImBDzukY7Y5F/yQiNdko6+fRLevlw1HgMySw7f611UIY408EtxRSoK3Q==",
      "peer": true,
      "dependencies": {
        "js-tokens": "^3.0.0 || ^4.0.0"
      },
      "bin": {
        "loose-envify": "cli.js"
      }
    },
    "node_modules/object-assign": {
      "version": "4.1.1",
      "resolved": "https://registry.npmjs.org/object-assign/-/object-assign-4.1.1.tgz",
      "integrity": "sha1-IQmtx5ZYh8/AXLvUQsrIv7s2CGM=",
      "peer": true,
      "engines": {
        "node": ">=0.10.0"
      }
    },
    "node_modules/prisma": {
      "version": "3.5.0",
      "resolved": "https://registry.npmjs.org/prisma/-/prisma-3.5.0.tgz",
      "integrity": "sha512-WEYQ+H98O0yigG+lI0gfh4iyBChvnM6QTXPDtY9eFraLXAmyb6tf/T2mUdrUAU1AEvHLVzQA5A+RpONZlQozBg==",
      "devOptional": true,
      "hasInstallScript": true,
      "dependencies": {
        "@prisma/engines": "3.5.0-38.78a5df6def6943431f4c022e1428dbc3e833cf8e"
      },
      "bin": {
        "prisma": "build/index.js",
        "prisma2": "build/index.js"
      },
      "engines": {
        "node": ">=12.6"
      }
    },
    "node_modules/prop-types": {
      "version": "15.7.2",
      "resolved": "https://registry.npmjs.org/prop-types/-/prop-types-15.7.2.tgz",
      "integrity": "sha512-8QQikdH7//R2vurIJSutZ1smHYTcLpRWEOlHnzcWHmBYrOGUysKwSsrC89BCiFj3CbrfJ/nXFdJepOVrY1GCHQ==",
      "peer": true,
      "dependencies": {
        "loose-envify": "^1.4.0",
        "object-assign": "^4.1.1",
        "react-is": "^16.8.1"
      }
    },
    "node_modules/react": {
      "version": "17.0.2",
      "resolved": "https://registry.npmjs.org/react/-/react-17.0.2.tgz",
      "integrity": "sha512-gnhPt75i/dq/z3/6q/0asP78D0u592D5L1pd7M8P+dck6Fu/jJeL6iVVK23fptSUZj8Vjf++7wXA8UNclGQcbA==",
      "peer": true,
      "dependencies": {
        "loose-envify": "^1.1.0",
        "object-assign": "^4.1.1"
      },
      "engines": {
        "node": ">=0.10.0"
      }
    },
    "node_modules/react-dom": {
      "version": "17.0.2",
      "resolved": "https://registry.npmjs.org/react-dom/-/react-dom-17.0.2.tgz",
      "integrity": "sha512-s4h96KtLDUQlsENhMn1ar8t2bEa+q/YAtj8pPPdIjPDGBDIVNsrD9aXNWqspUe6AzKCIG0C1HZZLqLV7qpOBGA==",
      "peer": true,
      "dependencies": {
        "loose-envify": "^1.1.0",
        "object-assign": "^4.1.1",
        "scheduler": "^0.20.2"
      },
      "peerDependencies": {
        "react": "17.0.2"
      }
    },
    "node_modules/react-google-charts": {
      "version": "3.0.15",
      "resolved": "https://registry.npmjs.org/react-google-charts/-/react-google-charts-3.0.15.tgz",
      "integrity": "sha512-78s5xOQOJvL+jIewrWQZEHtlVk+5Yh4zZy+ODA1on1o1FaRjKWXxoo4n4JQl1XuqkF/A9NWque3KqM6pMggjzQ==",
      "dependencies": {
        "react-load-script": "^0.0.6"
      },
      "peerDependencies": {
        "prop-types": ">=15",
        "react": ">=16.3.0",
        "react-dom": ">=16.3.0"
      }
    },
    "node_modules/react-is": {
      "version": "16.13.1",
      "resolved": "https://registry.npmjs.org/react-is/-/react-is-16.13.1.tgz",
      "integrity": "sha512-24e6ynE2H+OKt4kqsOvNd8kBpV65zoxbA4BVsEOB3ARVWQki/DHzaUoC5KuON/BiccDaCCTZBuOcfZs70kR8bQ==",
      "peer": true
    },
    "node_modules/react-load-script": {
      "version": "0.0.6",
      "resolved": "https://registry.npmjs.org/react-load-script/-/react-load-script-0.0.6.tgz",
      "integrity": "sha512-aRGxDGP9VoLxcsaYvKWIW+LRrMOzz2eEcubTS4NvQPPugjk2VvMhow0wWTkSl7RxookomD1MwcP4l5UStg5ShQ==",
      "deprecated": "abandoned and unmaintained",
      "peerDependencies": {
        "prop-types": ">=15",
        "react": ">=0.14.9"
      }
    },
    "node_modules/scheduler": {
      "version": "0.20.2",
      "resolved": "https://registry.npmjs.org/scheduler/-/scheduler-0.20.2.tgz",
      "integrity": "sha512-2eWfGgAqqWFGqtdMmcL5zCMK1U8KlXv8SQFGglL3CEtd0aDVDWgeF/YoCmvln55m5zSk3J/20hTaSBeSObsQDQ==",
      "peer": true,
      "dependencies": {
        "loose-envify": "^1.1.0",
        "object-assign": "^4.1.1"
      }
    },
    "node_modules/uuid": {
      "version": "8.3.2",
      "resolved": "https://registry.npmjs.org/uuid/-/uuid-8.3.2.tgz",
      "integrity": "sha512-+NYs2QeMWy+GWFOEm9xnn6HCDp0l7QBD7ml8zLUmJ+93Q5NF0NocErnwkTkXVFNiX3/fpC6afS8Dhb/gz7R7eg==",
      "bin": {
        "uuid": "dist/bin/uuid"
      }
    }
  },
  "dependencies": {
    "@prisma/client": {
      "version": "3.5.0",
      "resolved": "https://registry.npmjs.org/@prisma/client/-/client-3.5.0.tgz",
      "integrity": "sha512-LuaaisknLe9CCfJ1Rtqe9b9knvPgEEcC77OMmWdo3fSanxl5oTDxcH3IIhpULQQlJfZvDcaEXuXNU4dsNF+q1w==",
      "requires": {
        "@prisma/engines-version": "3.5.0-38.78a5df6def6943431f4c022e1428dbc3e833cf8e"
      }
    },
    "@prisma/engines": {
      "version": "3.5.0-38.78a5df6def6943431f4c022e1428dbc3e833cf8e",
      "resolved": "https://registry.npmjs.org/@prisma/engines/-/engines-3.5.0-38.78a5df6def6943431f4c022e1428dbc3e833cf8e.tgz",
      "integrity": "sha512-MqZUrxuLlIbjB3wu8LrRJOKcvR4k3dunKoI4Q2bPfAwLQY0XlpsLZ3TRVW1c32ooVk939p6iGNkaCUo63Et36g==",
      "devOptional": true
    },
    "@prisma/engines-version": {
      "version": "3.5.0-38.78a5df6def6943431f4c022e1428dbc3e833cf8e",
      "resolved": "https://registry.npmjs.org/@prisma/engines-version/-/engines-version-3.5.0-38.78a5df6def6943431f4c022e1428dbc3e833cf8e.tgz",
      "integrity": "sha512-X16YmBmj7Omso4ZbkNBe6gPYlNcnwZMUPtXsguCkn+KoMqm3DJD9M4X31gx0Gf13Q44dY3SKPJZUk44/XUj/WA=="
    },
    "@types/uuid": {
      "version": "8.3.3",
      "resolved": "https://registry.npmjs.org/@types/uuid/-/uuid-8.3.3.tgz",
      "integrity": "sha512-0LbEEx1zxrYB3pgpd1M5lEhLcXjKJnYghvhTRgaBeUivLHMDM1TzF3IJ6hXU2+8uA4Xz+5BA63mtZo5DjVT8iA==",
      "dev": true
    },
    "js-tokens": {
      "version": "4.0.0",
      "resolved": "https://registry.npmjs.org/js-tokens/-/js-tokens-4.0.0.tgz",
      "integrity": "sha512-RdJUflcE3cUzKiMqQgsCu06FPu9UdIJO0beYbPhHN4k6apgJtifcoCtT9bcxOpYBtpD2kCM6Sbzg4CausW/PKQ==",
      "peer": true
    },
    "loose-envify": {
      "version": "1.4.0",
      "resolved": "https://registry.npmjs.org/loose-envify/-/loose-envify-1.4.0.tgz",
      "integrity": "sha512-lyuxPGr/Wfhrlem2CL/UcnUc1zcqKAImBDzukY7Y5F/yQiNdko6+fRLevlw1HgMySw7f611UIY408EtxRSoK3Q==",
      "peer": true,
      "requires": {
        "js-tokens": "^3.0.0 || ^4.0.0"
      }
    },
    "object-assign": {
      "version": "4.1.1",
      "resolved": "https://registry.npmjs.org/object-assign/-/object-assign-4.1.1.tgz",
      "integrity": "sha1-IQmtx5ZYh8/AXLvUQsrIv7s2CGM=",
      "peer": true
    },
    "prisma": {
      "version": "3.5.0",
      "resolved": "https://registry.npmjs.org/prisma/-/prisma-3.5.0.tgz",
      "integrity": "sha512-WEYQ+H98O0yigG+lI0gfh4iyBChvnM6QTXPDtY9eFraLXAmyb6tf/T2mUdrUAU1AEvHLVzQA5A+RpONZlQozBg==",
      "devOptional": true,
      "requires": {
        "@prisma/engines": "3.5.0-38.78a5df6def6943431f4c022e1428dbc3e833cf8e"
      }
    },
    "prop-types": {
      "version": "15.7.2",
      "resolved": "https://registry.npmjs.org/prop-types/-/prop-types-15.7.2.tgz",
      "integrity": "sha512-8QQikdH7//R2vurIJSutZ1smHYTcLpRWEOlHnzcWHmBYrOGUysKwSsrC89BCiFj3CbrfJ/nXFdJepOVrY1GCHQ==",
      "peer": true,
      "requires": {
        "loose-envify": "^1.4.0",
        "object-assign": "^4.1.1",
        "react-is": "^16.8.1"
      }
    },
    "react": {
      "version": "17.0.2",
      "resolved": "https://registry.npmjs.org/react/-/react-17.0.2.tgz",
      "integrity": "sha512-gnhPt75i/dq/z3/6q/0asP78D0u592D5L1pd7M8P+dck6Fu/jJeL6iVVK23fptSUZj8Vjf++7wXA8UNclGQcbA==",
      "peer": true,
      "requires": {
        "loose-envify": "^1.1.0",
        "object-assign": "^4.1.1"
      }
    },
    "react-dom": {
      "version": "17.0.2",
      "resolved": "https://registry.npmjs.org/react-dom/-/react-dom-17.0.2.tgz",
      "integrity": "sha512-s4h96KtLDUQlsENhMn1ar8t2bEa+q/YAtj8pPPdIjPDGBDIVNsrD9aXNWqspUe6AzKCIG0C1HZZLqLV7qpOBGA==",
      "peer": true,
      "requires": {
        "loose-envify": "^1.1.0",
        "object-assign": "^4.1.1",
        "scheduler": "^0.20.2"
      }
    },
    "react-google-charts": {
      "version": "3.0.15",
      "resolved": "https://registry.npmjs.org/react-google-charts/-/react-google-charts-3.0.15.tgz",
      "integrity": "sha512-78s5xOQOJvL+jIewrWQZEHtlVk+5Yh4zZy+ODA1on1o1FaRjKWXxoo4n4JQl1XuqkF/A9NWque3KqM6pMggjzQ==",
      "requires": {
        "react-load-script": "^0.0.6"
      }
    },
    "react-is": {
      "version": "16.13.1",
      "resolved": "https://registry.npmjs.org/react-is/-/react-is-16.13.1.tgz",
      "integrity": "sha512-24e6ynE2H+OKt4kqsOvNd8kBpV65zoxbA4BVsEOB3ARVWQki/DHzaUoC5KuON/BiccDaCCTZBuOcfZs70kR8bQ==",
      "peer": true
    },
    "react-load-script": {
      "version": "0.0.6",
      "resolved": "https://registry.npmjs.org/react-load-script/-/react-load-script-0.0.6.tgz",
      "integrity": "sha512-aRGxDGP9VoLxcsaYvKWIW+LRrMOzz2eEcubTS4NvQPPugjk2VvMhow0wWTkSl7RxookomD1MwcP4l5UStg5ShQ==",
      "requires": {}
    },
    "scheduler": {
      "version": "0.20.2",
      "resolved": "https://registry.npmjs.org/scheduler/-/scheduler-0.20.2.tgz",
      "integrity": "sha512-2eWfGgAqqWFGqtdMmcL5zCMK1U8KlXv8SQFGglL3CEtd0aDVDWgeF/YoCmvln55m5zSk3J/20hTaSBeSObsQDQ==",
      "peer": true,
      "requires": {
        "loose-envify": "^1.1.0",
        "object-assign": "^4.1.1"
      }
    },
    "uuid": {
      "version": "8.3.2",
      "resolved": "https://registry.npmjs.org/uuid/-/uuid-8.3.2.tgz",
      "integrity": "sha512-+NYs2QeMWy+GWFOEm9xnn6HCDp0l7QBD7ml8zLUmJ+93Q5NF0NocErnwkTkXVFNiX3/fpC6afS8Dhb/gz7R7eg=="
    }
  }
}
